
Microsoft Visual Studio Solution File, Format Version 12.00
# Visual Studio Version 16
VisualStudioVersion = 16.0.31402.337
MinimumVisualStudioVersion = 10.0.40219.1
Project("{FAE04EC0-301F-11D3-BF4B-00C04F79EFBC}") = "Fofx.Quintessence.RelationshipSeries", "Fofx.Quintessence.RelationshipSeries.csproj", "{1EACCFF5-38CB-4FEF-A837-11E12C7CC4A3}"
EndProject
Global
	GlobalSection(SolutionConfigurationPlatforms) = preSolution
		Debug|Any CPU = Debug|Any CPU
		Release|Any CPU = Release|Any CPU
	EndGlobalSection
	GlobalSection(ProjectConfigurationPlatforms) = postSolution
		{1EACCFF5-38CB-4FEF-A837-11E12C7CC4A3}.Debug|Any CPU.ActiveCfg = Debug|Any CPU
		{1EACCFF5-38CB-4FEF-A837-11E12C7CC4A3}.Debug|Any CPU.Build.0 = Debug|Any CPU
		{1EACCFF5-38CB-4FEF-A837-11E12C7CC4A3}.Release|Any CPU.ActiveCfg = Release|Any CPU
		{1EACCFF5-38CB-4FEF-A837-11E12C7CC4A3}.Release|Any CPU.Build.0 = Release|Any CPU
	EndGlobalSection
	GlobalSection(SolutionProperties) = preSolution
		HideSolutionNode = FALSE
	EndGlobalSection
	GlobalSection(ExtensibilityGlobals) = postSolution
		SolutionGuid = {612DD7D4-B8A8-4731-8058-D17A58DEF70F}
	EndGlobalSection
EndGlobal
